
Microsoft Visual Studio Solution File, Format Version 12.00
# Visual Studio Version 17
VisualStudioVersion = 17.4.33213.308
MinimumVisualStudioVersion = 10.0.40219.1
Project("{9A19103F-16F7-4668-BE54-9A1E7A4F7556}") = "WebhookImplementation", "WebhookImplementation\WebhookImplementation.csproj", "{5DDD4356-0E82-43DE-B711-15698C381E8D}"
EndProject
Project("{9A19103F-16F7-4668-BE54-9A1E7A4F7556}") = "demoWorkatoApi", "demoWorkatoApi\demoWorkatoApi.csproj", "{2BF65656-7987-4C06-8CDA-5E5B85721CA7}"
EndProject
Global
	GlobalSection(SolutionConfigurationPlatforms) = preSolution
		Debug|Any CPU = Debug|Any CPU
		Release|Any CPU = Release|Any CPU
	EndGlobalSection
	GlobalSection(ProjectConfigurationPlatforms) = postSolution
		{5DDD4356-0E82-43DE-B711-15698C381E8D}.Debug|Any CPU.ActiveCfg = Debug|Any CPU
		{5DDD4356-0E82-43DE-B711-15698C381E8D}.Debug|Any CPU.Build.0 = Debug|Any CPU
		{5DDD4356-0E82-43DE-B711-15698C381E8D}.Release|Any CPU.ActiveCfg = Release|Any CPU
		{5DDD4356-0E82-43DE-B711-15698C381E8D}.Release|Any CPU.Build.0 = Release|Any CPU
		{2BF65656-7987-4C06-8CDA-5E5B85721CA7}.Debug|Any CPU.ActiveCfg = Debug|Any CPU
		{2BF65656-7987-4C06-8CDA-5E5B85721CA7}.Debug|Any CPU.Build.0 = Debug|Any CPU
		{2BF65656-7987-4C06-8CDA-5E5B85721CA7}.Release|Any CPU.ActiveCfg = Release|Any CPU
		{2BF65656-7987-4C06-8CDA-5E5B85721CA7}.Release|Any CPU.Build.0 = Release|Any CPU
	EndGlobalSection
	GlobalSection(SolutionProperties) = preSolution
		HideSolutionNode = FALSE
	EndGlobalSection
	GlobalSection(ExtensibilityGlobals) = postSolution
		SolutionGuid = {973DDE88-FE44-43D1-9C50-843D4B034A3D}
	EndGlobalSection
EndGlobal
